
Microsoft Visual Studio Solution File, Format Version 12.00
# Visual Studio 2012
Project("{888888A0-9F3D-457C-B088-3A5042F75D52}") = "grape", "grape.pyproj", "{76D96F2B-94A9-43B5-83B0-AC87891C6B47}"
EndProject
Global
	GlobalSection(SolutionConfigurationPlatforms) = preSolution
		Debug|Any CPU = Debug|Any CPU
		Release|Any CPU = Release|Any CPU
	EndGlobalSection
	GlobalSection(ProjectConfigurationPlatforms) = postSolution
		{76D96F2B-94A9-43B5-83B0-AC87891C6B47}.Debug|Any CPU.ActiveCfg = Debug|Any CPU
		{76D96F2B-94A9-43B5-83B0-AC87891C6B47}.Debug|Any CPU.Build.0 = Debug|Any CPU
		{76D96F2B-94A9-43B5-83B0-AC87891C6B47}.Release|Any CPU.ActiveCfg = Release|Any CPU
		{76D96F2B-94A9-43B5-83B0-AC87891C6B47}.Release|Any CPU.Build.0 = Release|Any CPU
	EndGlobalSection
	GlobalSection(SolutionProperties) = preSolution
		HideSolutionNode = FALSE
	EndGlobalSection
EndGlobal
